
Microsoft Visual Studio Solution File, Format Version 12.00
# Visual Studio Version 16
VisualStudioVersion = 16.0.31025.194
MinimumVisualStudioVersion = 10.0.40219.1
Project("{FAE04EC0-301F-11D3-BF4B-00C04F79EFBC}") = "ExerciseMinggu12", "ExerciseMinggu12\ExerciseMinggu12.csproj", "{0E7C9AE6-17B7-4AEA-BE2B-F009A4CB27D4}"
EndProject
Global
	GlobalSection(SolutionConfigurationPlatforms) = preSolution
		Debug|Any CPU = Debug|Any CPU
		Release|Any CPU = Release|Any CPU
	EndGlobalSection
	GlobalSection(ProjectConfigurationPlatforms) = postSolution
		{0E7C9AE6-17B7-4AEA-BE2B-F009A4CB27D4}.Debug|Any CPU.ActiveCfg = Debug|Any CPU
		{0E7C9AE6-17B7-4AEA-BE2B-F009A4CB27D4}.Debug|Any CPU.Build.0 = Debug|Any CPU
		{0E7C9AE6-17B7-4AEA-BE2B-F009A4CB27D4}.Release|Any CPU.ActiveCfg = Release|Any CPU
		{0E7C9AE6-17B7-4AEA-BE2B-F009A4CB27D4}.Release|Any CPU.Build.0 = Release|Any CPU
	EndGlobalSection
	GlobalSection(SolutionProperties) = preSolution
		HideSolutionNode = FALSE
	EndGlobalSection
	GlobalSection(ExtensibilityGlobals) = postSolution
		SolutionGuid = {69997BD9-B065-44BA-A4F5-331DDDD37BC0}
	EndGlobalSection
EndGlobal
